
Microsoft Visual Studio Solution File, Format Version 12.00
# Visual Studio Version 17
VisualStudioVersion = 17.0.32126.317
MinimumVisualStudioVersion = 10.0.40219.1
Project("{FAE04EC0-301F-11D3-BF4B-00C04F79EFBC}") = "IsBasvuruKaydi.Entities", "IsBasvuruKaydi.Entities\IsBasvuruKaydi.Entities.csproj", "{3EE173B9-DC38-4762-BF1E-044D1209735D}"
EndProject
Project("{FAE04EC0-301F-11D3-BF4B-00C04F79EFBC}") = "IsBasvuruKaydi.Bussiness", "IsBasvuruKaydi.Bussiness\IsBasvuruKaydi.Bussiness.csproj", "{335819AC-7658-49D3-90A6-290BDBB6EF9F}"
EndProject
Project("{FAE04EC0-301F-11D3-BF4B-00C04F79EFBC}") = "IsBasvuruKaydi.DataAccess", "IsBasvuruKaydi.DataAccess\IsBasvuruKaydi.DataAccess.csproj", "{17C05C05-3ABE-43C4-943A-ED160BF7A510}"
EndProject
Project("{FAE04EC0-301F-11D3-BF4B-00C04F79EFBC}") = "IsBasvuruKaydi.MvcHelpers", "IsBasvuruKaydi.MvcHelpers\IsBasvuruKaydi.MvcHelpers.csproj", "{F354AB57-7D4F-43C3-9755-A6463C5E82DB}"
EndProject
Project("{FAE04EC0-301F-11D3-BF4B-00C04F79EFBC}") = "IsBasvuruKaydi.WebUI", "IsBasvuruKaydi.WebUI\IsBasvuruKaydi.WebUI.csproj", "{DEDD9740-CE77-4047-B38B-8FBD7A74E1EC}"
EndProject
Global
	GlobalSection(SolutionConfigurationPlatforms) = preSolution
		Debug|Any CPU = Debug|Any CPU
		Release|Any CPU = Release|Any CPU
	EndGlobalSection
	GlobalSection(ProjectConfigurationPlatforms) = postSolution
		{3EE173B9-DC38-4762-BF1E-044D1209735D}.Debug|Any CPU.ActiveCfg = Debug|Any CPU
		{3EE173B9-DC38-4762-BF1E-044D1209735D}.Debug|Any CPU.Build.0 = Debug|Any CPU
		{3EE173B9-DC38-4762-BF1E-044D1209735D}.Release|Any CPU.ActiveCfg = Release|Any CPU
		{3EE173B9-DC38-4762-BF1E-044D1209735D}.Release|Any CPU.Build.0 = Release|Any CPU
		{335819AC-7658-49D3-90A6-290BDBB6EF9F}.Debug|Any CPU.ActiveCfg = Debug|Any CPU
		{335819AC-7658-49D3-90A6-290BDBB6EF9F}.Debug|Any CPU.Build.0 = Debug|Any CPU
		{335819AC-7658-49D3-90A6-290BDBB6EF9F}.Release|Any CPU.ActiveCfg = Release|Any CPU
		{335819AC-7658-49D3-90A6-290BDBB6EF9F}.Release|Any CPU.Build.0 = Release|Any CPU
		{17C05C05-3ABE-43C4-943A-ED160BF7A510}.Debug|Any CPU.ActiveCfg = Debug|Any CPU
		{17C05C05-3ABE-43C4-943A-ED160BF7A510}.Debug|Any CPU.Build.0 = Debug|Any CPU
		{17C05C05-3ABE-43C4-943A-ED160BF7A510}.Release|Any CPU.ActiveCfg = Release|Any CPU
		{17C05C05-3ABE-43C4-943A-ED160BF7A510}.Release|Any CPU.Build.0 = Release|Any CPU
		{F354AB57-7D4F-43C3-9755-A6463C5E82DB}.Debug|Any CPU.ActiveCfg = Debug|Any CPU
		{F354AB57-7D4F-43C3-9755-A6463C5E82DB}.Debug|Any CPU.Build.0 = Debug|Any CPU
		{F354AB57-7D4F-43C3-9755-A6463C5E82DB}.Release|Any CPU.ActiveCfg = Release|Any CPU
		{F354AB57-7D4F-43C3-9755-A6463C5E82DB}.Release|Any CPU.Build.0 = Release|Any CPU
		{DEDD9740-CE77-4047-B38B-8FBD7A74E1EC}.Debug|Any CPU.ActiveCfg = Debug|Any CPU
		{DEDD9740-CE77-4047-B38B-8FBD7A74E1EC}.Debug|Any CPU.Build.0 = Debug|Any CPU
		{DEDD9740-CE77-4047-B38B-8FBD7A74E1EC}.Release|Any CPU.ActiveCfg = Release|Any CPU
		{DEDD9740-CE77-4047-B38B-8FBD7A74E1EC}.Release|Any CPU.Build.0 = Release|Any CPU
	EndGlobalSection
	GlobalSection(SolutionProperties) = preSolution
		HideSolutionNode = FALSE
	EndGlobalSection
	GlobalSection(ExtensibilityGlobals) = postSolution
		SolutionGuid = {FDDB9E50-6FEE-4AD3-BBE5-1DDED698A2FD}
	EndGlobalSection
EndGlobal
